
Microsoft Visual Studio Solution File, Format Version 12.00
# Visual Studio Version 16
VisualStudioVersion = 16.0.29911.84
MinimumVisualStudioVersion = 10.0.40219.1
Project("{FAE04EC0-301F-11D3-BF4B-00C04F79EFBC}") = "Pylypeiev.Extensions", "Pylypeiev.Extensions\Pylypeiev.Extensions.csproj", "{68098570-3724-4CD6-9E66-ACEF5E2B94EA}"
EndProject
Global
	GlobalSection(SolutionConfigurationPlatforms) = preSolution
		Debug|Any CPU = Debug|Any CPU
		Release|Any CPU = Release|Any CPU
	EndGlobalSection
	GlobalSection(ProjectConfigurationPlatforms) = postSolution
		{68098570-3724-4CD6-9E66-ACEF5E2B94EA}.Debug|Any CPU.ActiveCfg = Debug|Any CPU
		{68098570-3724-4CD6-9E66-ACEF5E2B94EA}.Debug|Any CPU.Build.0 = Debug|Any CPU
		{68098570-3724-4CD6-9E66-ACEF5E2B94EA}.Release|Any CPU.ActiveCfg = Release|Any CPU
		{68098570-3724-4CD6-9E66-ACEF5E2B94EA}.Release|Any CPU.Build.0 = Release|Any CPU
	EndGlobalSection
	GlobalSection(SolutionProperties) = preSolution
		HideSolutionNode = FALSE
	EndGlobalSection
	GlobalSection(ExtensibilityGlobals) = postSolution
		SolutionGuid = {476A89DC-3411-4264-9141-90C1A62505EA}
	EndGlobalSection
EndGlobal
